// !$*UTF8*$!
{
	archiveVersion = 1;
	classes = {
	};
	objectVersion = 50;
	objects = {

/* Begin PBXBuildFile section */
		2D1E80362401557F0036FAEC /* MapViewController.swift in Sources */ = {isa = PBXBuildFile; fileRef = 2D1E80352401557F0036FAEC /* MapViewController.swift */; };
		2D1E80382401AB570036FAEC /* Date+Extension.swift in Sources */ = {isa = PBXBuildFile; fileRef = 2D1E80372401AB570036FAEC /* Date+Extension.swift */; };
		2D67B41023F9766700BB6225 /* AppDelegate.swift in Sources */ = {isa = PBXBuildFile; fileRef = 2D67B40F23F9766700BB6225 /* AppDelegate.swift */; };
		2D67B41223F9766700BB6225 /* SceneDelegate.swift in Sources */ = {isa = PBXBuildFile; fileRef = 2D67B41123F9766700BB6225 /* SceneDelegate.swift */; };
		2D67B41723F9766700BB6225 /* Main.storyboard in Resources */ = {isa = PBXBuildFile; fileRef = 2D67B41523F9766700BB6225 /* Main.storyboard */; };
		2D67B41923F9766900BB6225 /* Assets.xcassets in Resources */ = {isa = PBXBuildFile; fileRef = 2D67B41823F9766900BB6225 /* Assets.xcassets */; };
		2D67B41C23F9766900BB6225 /* LaunchScreen.storyboard in Resources */ = {isa = PBXBuildFile; fileRef = 2D67B41A23F9766900BB6225 /* LaunchScreen.storyboard */; };
		2D67B42523F976B900BB6225 /* EventFormViewController.swift in Sources */ = {isa = PBXBuildFile; fileRef = 2D67B42423F976B900BB6225 /* EventFormViewController.swift */; };
		2D8BF3C524128D91003624AB /* DetailViewController.swift in Sources */ = {isa = PBXBuildFile; fileRef = 2D8BF3C424128D91003624AB /* DetailViewController.swift */; };
		2D8BF3C824128E8F003624AB /* DimmingPresentationController.swift in Sources */ = {isa = PBXBuildFile; fileRef = 2D8BF3C724128E8F003624AB /* DimmingPresentationController.swift */; };
		2D8BF3CA24128ED5003624AB /* GradientView.swift in Sources */ = {isa = PBXBuildFile; fileRef = 2D8BF3C924128ED5003624AB /* GradientView.swift */; };
		2D8BF3CC24128F0C003624AB /* BounceAnimationController.swift in Sources */ = {isa = PBXBuildFile; fileRef = 2D8BF3CB24128F0C003624AB /* BounceAnimationController.swift */; };
		2D8BF3CE24128F49003624AB /* SlideOutAnimationController.swift in Sources */ = {isa = PBXBuildFile; fileRef = 2D8BF3CD24128F49003624AB /* SlideOutAnimationController.swift */; };
		2DA4171D241148EA0065AC44 /* Data Model.xcdatamodeld in Sources */ = {isa = PBXBuildFile; fileRef = 2DA4171B241148EA0065AC44 /* Data Model.xcdatamodeld */; };
		2DA41720241149F10065AC44 /* Event+CoreDataClass.swift in Sources */ = {isa = PBXBuildFile; fileRef = 2DA4171E241149F10065AC44 /* Event+CoreDataClass.swift */; };
		2DA41721241149F10065AC44 /* Event+CoreDataProperties.swift in Sources */ = {isa = PBXBuildFile; fileRef = 2DA4171F241149F10065AC44 /* Event+CoreDataProperties.swift */; };
		2DA4172324114AB30065AC44 /* Functions.swift in Sources */ = {isa = PBXBuildFile; fileRef = 2DA4172224114AB30065AC44 /* Functions.swift */; };
		2DA4172C24114C350065AC44 /* MyEventsViewController.swift in Sources */ = {isa = PBXBuildFile; fileRef = 2DA4172B24114C350065AC44 /* MyEventsViewController.swift */; };
		2DA4173024114D020065AC44 /* MyEventViewCell.swift in Sources */ = {isa = PBXBuildFile; fileRef = 2DA4172F24114D010065AC44 /* MyEventViewCell.swift */; };
		2DA41754241183470065AC44 /* EventHomeViewController.swift in Sources */ = {isa = PBXBuildFile; fileRef = 2DA41753241183470065AC44 /* EventHomeViewController.swift */; };
		2DA41756241184300065AC44 /* EventHomeLayout.swift in Sources */ = {isa = PBXBuildFile; fileRef = 2DA41755241184300065AC44 /* EventHomeLayout.swift */; };
		2DA41758241184E30065AC44 /* CustomCollectionViewCell.swift in Sources */ = {isa = PBXBuildFile; fileRef = 2DA41757241184E30065AC44 /* CustomCollectionViewCell.swift */; };
		2DB23EA823FAFA8B0002C54E /* EventCategoryPickerViewController.swift in Sources */ = {isa = PBXBuildFile; fileRef = 2DB23EA723FAFA8B0002C54E /* EventCategoryPickerViewController.swift */; };
		2DB23EAA23FAFBFB0002C54E /* CategoryViewCell.swift in Sources */ = {isa = PBXBuildFile; fileRef = 2DB23EA923FAFBFB0002C54E /* CategoryViewCell.swift */; };
		2DB23EAD23FBC44B0002C54E /* EventVenuePickerViewController.swift in Sources */ = {isa = PBXBuildFile; fileRef = 2DB23EAC23FBC44B0002C54E /* EventVenuePickerViewController.swift */; };
		2DB23EAF23FBC4910002C54E /* VenueViewCell.swift in Sources */ = {isa = PBXBuildFile; fileRef = 2DB23EAE23FBC4910002C54E /* VenueViewCell.swift */; };
		2DFAB18324058F0C00F42D1E /* EventFoodAndDrinksViewController.swift in Sources */ = {isa = PBXBuildFile; fileRef = 2DFAB18224058F0C00F42D1E /* EventFoodAndDrinksViewController.swift */; };
		2DFAB18524058FE100F42D1E /* FoodAndDrinksViewCell.swift in Sources */ = {isa = PBXBuildFile; fileRef = 2DFAB18424058FE100F42D1E /* FoodAndDrinksViewCell.swift */; };
/* End PBXBuildFile section */

/* Begin PBXFileReference section */
		2D1E80352401557F0036FAEC /* MapViewController.swift */ = {isa = PBXFileReference; lastKnownFileType = sourcecode.swift; path = MapViewController.swift; sourceTree = "<group>"; };
		2D1E80372401AB570036FAEC /* Date+Extension.swift */ = {isa = PBXFileReference; lastKnownFileType = sourcecode.swift; path = "Date+Extension.swift"; sourceTree = "<group>"; };
		2D67B40C23F9766700BB6225 /* EventPlanner.app */ = {isa = PBXFileReference; explicitFileType = wrapper.application; includeInIndex = 0; path = EventPlanner.app; sourceTree = BUILT_PRODUCTS_DIR; };
		2D67B40F23F9766700BB6225 /* AppDelegate.swift */ = {isa = PBXFileReference; lastKnownFileType = sourcecode.swift; path = AppDelegate.swift; sourceTree = "<group>"; };
		2D67B41123F9766700BB6225 /* SceneDelegate.swift */ = {isa = PBXFileReference; lastKnownFileType = sourcecode.swift; path = SceneDelegate.swift; sourceTree = "<group>"; };
		2D67B41623F9766700BB6225 /* Base */ = {isa = PBXFileReference; lastKnownFileType = file.storyboard; name = Base; path = Base.lproj/Main.storyboard; sourceTree = "<group>"; };
		2D67B41823F9766900BB6225 /* Assets.xcassets */ = {isa = PBXFileReference; lastKnownFileType = folder.assetcatalog; path = Assets.xcassets; sourceTree = "<group>"; };
		2D67B41B23F9766900BB6225 /* Base */ = {isa = PBXFileReference; lastKnownFileType = file.storyboard; name = Base; path = Base.lproj/LaunchScreen.storyboard; sourceTree = "<group>"; };
		2D67B41D23F9766900BB6225 /* Info.plist */ = {isa = PBXFileReference; lastKnownFileType = text.plist.xml; path = Info.plist; sourceTree = "<group>"; };
		2D67B42423F976B900BB6225 /* EventFormViewController.swift */ = {isa = PBXFileReference; lastKnownFileType = sourcecode.swift; path = EventFormViewController.swift; sourceTree = "<group>"; };
		2D8BF3C424128D91003624AB /* DetailViewController.swift */ = {isa = PBXFileReference; lastKnownFileType = sourcecode.swift; path = DetailViewController.swift; sourceTree = "<group>"; };
		2D8BF3C724128E8F003624AB /* DimmingPresentationController.swift */ = {isa = PBXFileReference; lastKnownFileType = sourcecode.swift; path = DimmingPresentationController.swift; sourceTree = "<group>"; };
		2D8BF3C924128ED5003624AB /* GradientView.swift */ = {isa = PBXFileReference; lastKnownFileType = sourcecode.swift; path = GradientView.swift; sourceTree = "<group>"; };
		2D8BF3CB24128F0C003624AB /* BounceAnimationController.swift */ = {isa = PBXFileReference; lastKnownFileType = sourcecode.swift; path = BounceAnimationController.swift; sourceTree = "<group>"; };
		2D8BF3CD24128F49003624AB /* SlideOutAnimationController.swift */ = {isa = PBXFileReference; lastKnownFileType = sourcecode.swift; path = SlideOutAnimationController.swift; sourceTree = "<group>"; };
		2DA4171C241148EA0065AC44 /* Data Model.xcdatamodel */ = {isa = PBXFileReference; lastKnownFileType = wrapper.xcdatamodel; path = "Data Model.xcdatamodel"; sourceTree = "<group>"; };
		2DA4171E241149F10065AC44 /* Event+CoreDataClass.swift */ = {isa = PBXFileReference; lastKnownFileType = sourcecode.swift; path = "Event+CoreDataClass.swift"; sourceTree = "<group>"; };
		2DA4171F241149F10065AC44 /* Event+CoreDataProperties.swift */ = {isa = PBXFileReference; lastKnownFileType = sourcecode.swift; path = "Event+CoreDataProperties.swift"; sourceTree = "<group>"; };
		2DA4172224114AB30065AC44 /* Functions.swift */ = {isa = PBXFileReference; fileEncoding = 4; lastKnownFileType = sourcecode.swift; path = Functions.swift; sourceTree = "<group>"; };
		2DA4172B24114C350065AC44 /* MyEventsViewController.swift */ = {isa = PBXFileReference; lastKnownFileType = sourcecode.swift; path = MyEventsViewController.swift; sourceTree = "<group>"; };
		2DA4172F24114D010065AC44 /* MyEventViewCell.swift */ = {isa = PBXFileReference; lastKnownFileType = sourcecode.swift; path = MyEventViewCell.swift; sourceTree = "<group>"; };
		2DA41753241183470065AC44 /* EventHomeViewController.swift */ = {isa = PBXFileReference; lastKnownFileType = sourcecode.swift; path = EventHomeViewController.swift; sourceTree = "<group>"; };
		2DA41755241184300065AC44 /* EventHomeLayout.swift */ = {isa = PBXFileReference; lastKnownFileType = sourcecode.swift; path = EventHomeLayout.swift; sourceTree = "<group>"; };
		2DA41757241184E30065AC44 /* CustomCollectionViewCell.swift */ = {isa = PBXFileReference; lastKnownFileType = sourcecode.swift; path = CustomCollectionViewCell.swift; sourceTree = "<group>"; };
		2DB23EA723FAFA8B0002C54E /* EventCategoryPickerViewController.swift */ = {isa = PBXFileReference; lastKnownFileType = sourcecode.swift; path = EventCategoryPickerViewController.swift; sourceTree = "<group>"; };
		2DB23EA923FAFBFB0002C54E /* CategoryViewCell.swift */ = {isa = PBXFileReference; lastKnownFileType = sourcecode.swift; path = CategoryViewCell.swift; sourceTree = "<group>"; };
		2DB23EAC23FBC44B0002C54E /* EventVenuePickerViewController.swift */ = {isa = PBXFileReference; lastKnownFileType = sourcecode.swift; path = EventVenuePickerViewController.swift; sourceTree = "<group>"; };
		2DB23EAE23FBC4910002C54E /* VenueViewCell.swift */ = {isa = PBXFileReference; lastKnownFileType = sourcecode.swift; path = VenueViewCell.swift; sourceTree = "<group>"; };
		2DFAB18224058F0C00F42D1E /* EventFoodAndDrinksViewController.swift */ = {isa = PBXFileReference; lastKnownFileType = sourcecode.swift; path = EventFoodAndDrinksViewController.swift; sourceTree = "<group>"; };
		2DFAB18424058FE100F42D1E /* FoodAndDrinksViewCell.swift */ = {isa = PBXFileReference; lastKnownFileType = sourcecode.swift; path = FoodAndDrinksViewCell.swift; sourceTree = "<group>"; };
/* End PBXFileReference section */

/* Begin PBXFrameworksBuildPhase section */
		2D67B40923F9766700BB6225 /* Frameworks */ = {
			isa = PBXFrameworksBuildPhase;
			buildActionMask = 2147483647;
			files = (
			);
			runOnlyForDeploymentPostprocessing = 0;
		};
/* End PBXFrameworksBuildPhase section */

/* Begin PBXGroup section */
		2D1E80342401552A0036FAEC /* VenueMapViewController */ = {
			isa = PBXGroup;
			children = (
				2D1E80352401557F0036FAEC /* MapViewController.swift */,
			);
			path = VenueMapViewController;
			sourceTree = "<group>";
		};
		2D1E80392401ADF50036FAEC /* DateTimePicker extension */ = {
			isa = PBXGroup;
			children = (
				2D1E80372401AB570036FAEC /* Date+Extension.swift */,
			);
			path = "DateTimePicker extension";
			sourceTree = "<group>";
		};
		2D67B40323F9766700BB6225 = {
			isa = PBXGroup;
			children = (
				2DA4171E241149F10065AC44 /* Event+CoreDataClass.swift */,
				2DA4171F241149F10065AC44 /* Event+CoreDataProperties.swift */,
				2DA4171B241148EA0065AC44 /* Data Model.xcdatamodeld */,
				2D67B40E23F9766700BB6225 /* EventPlanner */,
				2D67B40D23F9766700BB6225 /* Products */,
			);
			sourceTree = "<group>";
		};
		2D67B40D23F9766700BB6225 /* Products */ = {
			isa = PBXGroup;
			children = (
				2D67B40C23F9766700BB6225 /* EventPlanner.app */,
			);
			name = Products;
			sourceTree = "<group>";
		};
		2D67B40E23F9766700BB6225 /* EventPlanner */ = {
			isa = PBXGroup;
			children = (
				2D67B40F23F9766700BB6225 /* AppDelegate.swift */,
				2D67B41123F9766700BB6225 /* SceneDelegate.swift */,
				2DA41752241183060065AC44 /* EventHomeViewController */,
				2DA4172A24114BC70065AC44 /* MyEventsViewController */,
				2D67B42323F9769600BB6225 /* EventFormViewController */,
				2DA4175124116F650065AC44 /* Functions+Extensions */,
				2D67B41523F9766700BB6225 /* Main.storyboard */,
				2D67B41823F9766900BB6225 /* Assets.xcassets */,
				2D67B41A23F9766900BB6225 /* LaunchScreen.storyboard */,
				2D67B41D23F9766900BB6225 /* Info.plist */,
			);
			path = EventPlanner;
			sourceTree = "<group>";
		};
		2D67B42323F9769600BB6225 /* EventFormViewController */ = {
			isa = PBXGroup;
			children = (
				2D67B42423F976B900BB6225 /* EventFormViewController.swift */,
				2DB23EA623FAFA590002C54E /* EventCategoryPickerViewController */,
				2DB23EAB23FBB9910002C54E /* EventVenuePickerViewController */,
				2DFAB18124058EC600F42D1E /* EventFoodAndDrinksViewController */,
			);
			path = EventFormViewController;
			sourceTree = "<group>";
		};
		2D8BF3C324128CF4003624AB /* Event Popup-ViewController */ = {
			isa = PBXGroup;
			children = (
				2D8BF3C424128D91003624AB /* DetailViewController.swift */,
				2D8BF3C624128E6B003624AB /* Dimming+Gradient+Annimation */,
			);
			path = "Event Popup-ViewController";
			sourceTree = "<group>";
		};
		2D8BF3C624128E6B003624AB /* Dimming+Gradient+Annimation */ = {
			isa = PBXGroup;
			children = (
				2D8BF3C724128E8F003624AB /* DimmingPresentationController.swift */,
				2D8BF3C924128ED5003624AB /* GradientView.swift */,
				2D8BF3CB24128F0C003624AB /* BounceAnimationController.swift */,
				2D8BF3CD24128F49003624AB /* SlideOutAnimationController.swift */,
			);
			path = "Dimming+Gradient+Annimation";
			sourceTree = "<group>";
		};
		2DA4172A24114BC70065AC44 /* MyEventsViewController */ = {
			isa = PBXGroup;
			children = (
				2DA4172B24114C350065AC44 /* MyEventsViewController.swift */,
				2DA4172F24114D010065AC44 /* MyEventViewCell.swift */,
				2D8BF3C324128CF4003624AB /* Event Popup-ViewController */,
			);
			path = MyEventsViewController;
			sourceTree = "<group>";
		};
		2DA4175124116F650065AC44 /* Functions+Extensions */ = {
			isa = PBXGroup;
			children = (
				2D1E80392401ADF50036FAEC /* DateTimePicker extension */,
				2DA4172224114AB30065AC44 /* Functions.swift */,
			);
			path = "Functions+Extensions";
			sourceTree = "<group>";
		};
		2DA41752241183060065AC44 /* EventHomeViewController */ = {
			isa = PBXGroup;
			children = (
				2DA41753241183470065AC44 /* EventHomeViewController.swift */,
				2DA41755241184300065AC44 /* EventHomeLayout.swift */,
				2DA41757241184E30065AC44 /* CustomCollectionViewCell.swift */,
			);
			path = EventHomeViewController;
			sourceTree = "<group>";
		};
		2DB23EA623FAFA590002C54E /* EventCategoryPickerViewController */ = {
			isa = PBXGroup;
			children = (
				2DB23EA723FAFA8B0002C54E /* EventCategoryPickerViewController.swift */,
				2DB23EA923FAFBFB0002C54E /* CategoryViewCell.swift */,
			);
			path = EventCategoryPickerViewController;
			sourceTree = "<group>";
		};
		2DB23EAB23FBB9910002C54E /* EventVenuePickerViewController */ = {
			isa = PBXGroup;
			children = (
				2DB23EAC23FBC44B0002C54E /* EventVenuePickerViewController.swift */,
				2DB23EAE23FBC4910002C54E /* VenueViewCell.swift */,
				2D1E80342401552A0036FAEC /* VenueMapViewController */,
			);
			path = EventVenuePickerViewController;
			sourceTree = "<group>";
		};
		2DFAB18124058EC600F42D1E /* EventFoodAndDrinksViewController */ = {
			isa = PBXGroup;
			children = (
				2DFAB18224058F0C00F42D1E /* EventFoodAndDrinksViewController.swift */,
				2DFAB18424058FE100F42D1E /* FoodAndDrinksViewCell.swift */,
			);
			path = EventFoodAndDrinksViewController;
			sourceTree = "<group>";
		};
/* End PBXGroup section */

/* Begin PBXNativeTarget section */
		2D67B40B23F9766700BB6225 /* EventPlanner */ = {
			isa = PBXNativeTarget;
			buildConfigurationList = 2D67B42023F9766900BB6225 /* Build configuration list for PBXNativeTarget "EventPlanner" */;
			buildPhases = (
				2D67B40823F9766700BB6225 /* Sources */,
				2D67B40923F9766700BB6225 /* Frameworks */,
				2D67B40A23F9766700BB6225 /* Resources */,
			);
			buildRules = (
			);
			dependencies = (
			);
			name = EventPlanner;
			productName = EventPlanner;
			productReference = 2D67B40C23F9766700BB6225 /* EventPlanner.app */;
			productType = "com.apple.product-type.application";
		};
/* End PBXNativeTarget section */

/* Begin PBXProject section */
		2D67B40423F9766700BB6225 /* Project object */ = {
			isa = PBXProject;
			attributes = {
				LastSwiftUpdateCheck = 1130;
				LastUpgradeCheck = 1130;
				ORGANIZATIONNAME = "Faiq Ali";
				TargetAttributes = {
					2D67B40B23F9766700BB6225 = {
						CreatedOnToolsVersion = 11.3.1;
					};
				};
			};
			buildConfigurationList = 2D67B40723F9766700BB6225 /* Build configuration list for PBXProject "EventPlanner" */;
			compatibilityVersion = "Xcode 9.3";
			developmentRegion = en;
			hasScannedForEncodings = 0;
			knownRegions = (
				en,
				Base,
			);
			mainGroup = 2D67B40323F9766700BB6225;
			productRefGroup = 2D67B40D23F9766700BB6225 /* Products */;
			projectDirPath = "";
			projectRoot = "";
			targets = (
				2D67B40B23F9766700BB6225 /* EventPlanner */,
			);
		};
/* End PBXProject section */

/* Begin PBXResourcesBuildPhase section */
		2D67B40A23F9766700BB6225 /* Resources */ = {
			isa = PBXResourcesBuildPhase;
			buildActionMask = 2147483647;
			files = (
				2D67B41C23F9766900BB6225 /* LaunchScreen.storyboard in Resources */,
				2D67B41923F9766900BB6225 /* Assets.xcassets in Resources */,
				2D67B41723F9766700BB6225 /* Main.storyboard in Resources */,
			);
			runOnlyForDeploymentPostprocessing = 0;
		};
/* End PBXResourcesBuildPhase section */

/* Begin PBXSourcesBuildPhase section */
		2D67B40823F9766700BB6225 /* Sources */ = {
			isa = PBXSourcesBuildPhase;
			buildActionMask = 2147483647;
			files = (
				2DFAB18524058FE100F42D1E /* FoodAndDrinksViewCell.swift in Sources */,
				2D8BF3CA24128ED5003624AB /* GradientView.swift in Sources */,
				2DA4173024114D020065AC44 /* MyEventViewCell.swift in Sources */,
				2DA41756241184300065AC44 /* EventHomeLayout.swift in Sources */,
				2DA4172C24114C350065AC44 /* MyEventsViewController.swift in Sources */,
				2D67B42523F976B900BB6225 /* EventFormViewController.swift in Sources */,
				2D67B41023F9766700BB6225 /* AppDelegate.swift in Sources */,
				2D8BF3C524128D91003624AB /* DetailViewController.swift in Sources */,
				2DB23EAF23FBC4910002C54E /* VenueViewCell.swift in Sources */,
				2D67B41223F9766700BB6225 /* SceneDelegate.swift in Sources */,
				2D8BF3CC24128F0C003624AB /* BounceAnimationController.swift in Sources */,
				2DB23EA823FAFA8B0002C54E /* EventCategoryPickerViewController.swift in Sources */,
				2DA4171D241148EA0065AC44 /* Data Model.xcdatamodeld in Sources */,
				2DA41720241149F10065AC44 /* Event+CoreDataClass.swift in Sources */,
				2DA41758241184E30065AC44 /* CustomCollectionViewCell.swift in Sources */,
				2DA41754241183470065AC44 /* EventHomeViewController.swift in Sources */,
				2DA4172324114AB30065AC44 /* Functions.swift in Sources */,
				2DB23EAA23FAFBFB0002C54E /* CategoryViewCell.swift in Sources */,
				2DFAB18324058F0C00F42D1E /* EventFoodAndDrinksViewController.swift in Sources */,
				2D8BF3CE24128F49003624AB /* SlideOutAnimationController.swift in Sources */,
				2D8BF3C824128E8F003624AB /* DimmingPresentationController.swift in Sources */,
				2DA41721241149F10065AC44 /* Event+CoreDataProperties.swift in Sources */,
				2DB23EAD23FBC44B0002C54E /* EventVenuePickerViewController.swift in Sources */,
				2D1E80362401557F0036FAEC /* MapViewController.swift in Sources */,
				2D1E80382401AB570036FAEC /* Date+Extension.swift in Sources */,
			);
			runOnlyForDeploymentPostprocessing = 0;
		};
/* End PBXSourcesBuildPhase section */

/* Begin PBXVariantGroup section */
		2D67B41523F9766700BB6225 /* Main.storyboard */ = {
			isa = PBXVariantGroup;
			children = (
				2D67B41623F9766700BB6225 /* Base */,
			);
			name = Main.storyboard;
			sourceTree = "<group>";
		};
		2D67B41A23F9766900BB6225 /* LaunchScreen.storyboard */ = {
			isa = PBXVariantGroup;
			children = (
				2D67B41B23F9766900BB6225 /* Base */,
			);
			name = LaunchScreen.storyboard;
			sourceTree = "<group>";
		};
/* End PBXVariantGroup section */

/* Begin XCBuildConfiguration section */
		2D67B41E23F9766900BB6225 /* Debug */ = {
			isa = XCBuildConfiguration;
			buildSettings = {
				ALWAYS_SEARCH_USER_PATHS = NO;
				CLANG_ANALYZER_NONNULL = YES;
				CLANG_ANALYZER_NUMBER_OBJECT_CONVERSION = YES_AGGRESSIVE;
				CLANG_CXX_LANGUAGE_STANDARD = "gnu++14";
				CLANG_CXX_LIBRARY = "libc++";
				CLANG_ENABLE_MODULES = YES;
				CLANG_ENABLE_OBJC_ARC = YES;
				CLANG_ENABLE_OBJC_WEAK = YES;
				CLANG_WARN_BLOCK_CAPTURE_AUTORELEASING = YES;
				CLANG_WARN_BOOL_CONVERSION = YES;
				CLANG_WARN_COMMA = YES;
				CLANG_WARN_CONSTANT_CONVERSION = YES;
				CLANG_WARN_DEPRECATED_OBJC_IMPLEMENTATIONS = YES;
				CLANG_WARN_DIRECT_OBJC_ISA_USAGE = YES_ERROR;
				CLANG_WARN_DOCUMENTATION_COMMENTS = YES;
				CLANG_WARN_EMPTY_BODY = YES;
				CLANG_WARN_ENUM_CONVERSION = YES;
				CLANG_WARN_INFINITE_RECURSION = YES;
				CLANG_WARN_INT_CONVERSION = YES;
				CLANG_WARN_NON_LITERAL_NULL_CONVERSION = YES;
				CLANG_WARN_OBJC_IMPLICIT_RETAIN_SELF = YES;
				CLANG_WARN_OBJC_LITERAL_CONVERSION = YES;
				CLANG_WARN_OBJC_ROOT_CLASS = YES_ERROR;
				CLANG_WARN_RANGE_LOOP_ANALYSIS = YES;
				CLANG_WARN_STRICT_PROTOTYPES = YES;
				CLANG_WARN_SUSPICIOUS_MOVE = YES;
				CLANG_WARN_UNGUARDED_AVAILABILITY = YES_AGGRESSIVE;
				CLANG_WARN_UNREACHABLE_CODE = YES;
				CLANG_WARN__DUPLICATE_METHOD_MATCH = YES;
				COPY_PHASE_STRIP = NO;
				DEBUG_INFORMATION_FORMAT = dwarf;
				ENABLE_STRICT_OBJC_MSGSEND = YES;
				ENABLE_TESTABILITY = YES;
				GCC_C_LANGUAGE_STANDARD = gnu11;
				GCC_DYNAMIC_NO_PIC = NO;
				GCC_NO_COMMON_BLOCKS = YES;
				GCC_OPTIMIZATION_LEVEL = 0;
				GCC_PREPROCESSOR_DEFINITIONS = (
					"DEBUG=1",
					"$(inherited)",
				);
				GCC_WARN_64_TO_32_BIT_CONVERSION = YES;
				GCC_WARN_ABOUT_RETURN_TYPE = YES_ERROR;
				GCC_WARN_UNDECLARED_SELECTOR = YES;
				GCC_WARN_UNINITIALIZED_AUTOS = YES_AGGRESSIVE;
				GCC_WARN_UNUSED_FUNCTION = YES;
				GCC_WARN_UNUSED_VARIABLE = YES;
				IPHONEOS_DEPLOYMENT_TARGET = 13.2;
				MTL_ENABLE_DEBUG_INFO = INCLUDE_SOURCE;
				MTL_FAST_MATH = YES;
				ONLY_ACTIVE_ARCH = YES;
				SDKROOT = iphoneos;
				SWIFT_ACTIVE_COMPILATION_CONDITIONS = DEBUG;
				SWIFT_OPTIMIZATION_LEVEL = "-Onone";
			};
			name = Debug;
		};
		2D67B41F23F9766900BB6225 /* Release */ = {
			isa = XCBuildConfiguration;
			buildSettings = {
				ALWAYS_SEARCH_USER_PATHS = NO;
				CLANG_ANALYZER_NONNULL = YES;
				CLANG_ANALYZER_NUMBER_OBJECT_CONVERSION = YES_AGGRESSIVE;
				CLANG_CXX_LANGUAGE_STANDARD = "gnu++14";
				CLANG_CXX_LIBRARY = "libc++";
				CLANG_ENABLE_MODULES = YES;
				CLANG_ENABLE_OBJC_ARC = YES;
				CLANG_ENABLE_OBJC_WEAK = YES;
				CLANG_WARN_BLOCK_CAPTURE_AUTORELEASING = YES;
				CLANG_WARN_BOOL_CONVERSION = YES;
				CLANG_WARN_COMMA = YES;
				CLANG_WARN_CONSTANT_CONVERSION = YES;
				CLANG_WARN_DEPRECATED_OBJC_IMPLEMENTATIONS = YES;
				CLANG_WARN_DIRECT_OBJC_ISA_USAGE = YES_ERROR;
				CLANG_WARN_DOCUMENTATION_COMMENTS = YES;
				CLANG_WARN_EMPTY_BODY = YES;
				CLANG_WARN_ENUM_CONVERSION = YES;
				CLANG_WARN_INFINITE_RECURSION = YES;
				CLANG_WARN_INT_CONVERSION = YES;
				CLANG_WARN_NON_LITERAL_NULL_CONVERSION = YES;
				CLANG_WARN_OBJC_IMPLICIT_RETAIN_SELF = YES;
				CLANG_WARN_OBJC_LITERAL_CONVERSION = YES;
				CLANG_WARN_OBJC_ROOT_CLASS = YES_ERROR;
				CLANG_WARN_RANGE_LOOP_ANALYSIS = YES;
				CLANG_WARN_STRICT_PROTOTYPES = YES;
				CLANG_WARN_SUSPICIOUS_MOVE = YES;
				CLANG_WARN_UNGUARDED_AVAILABILITY = YES_AGGRESSIVE;
				CLANG_WARN_UNREACHABLE_CODE = YES;
				CLANG_WARN__DUPLICATE_METHOD_MATCH = YES;
				COPY_PHASE_STRIP = NO;
				DEBUG_INFORMATION_FORMAT = "dwarf-with-dsym";
				ENABLE_NS_ASSERTIONS = NO;
				ENABLE_STRICT_OBJC_MSGSEND = YES;
				GCC_C_LANGUAGE_STANDARD = gnu11;
				GCC_NO_COMMON_BLOCKS = YES;
				GCC_WARN_64_TO_32_BIT_CONVERSION = YES;
				GCC_WARN_ABOUT_RETURN_TYPE = YES_ERROR;
				GCC_WARN_UNDECLARED_SELECTOR = YES;
				GCC_WARN_UNINITIALIZED_AUTOS = YES_AGGRESSIVE;
				GCC_WARN_UNUSED_FUNCTION = YES;
				GCC_WARN_UNUSED_VARIABLE = YES;
				IPHONEOS_DEPLOYMENT_TARGET = 13.2;
				MTL_ENABLE_DEBUG_INFO = NO;
				MTL_FAST_MATH = YES;
				SDKROOT = iphoneos;
				SWIFT_COMPILATION_MODE = wholemodule;
				SWIFT_OPTIMIZATION_LEVEL = "-O";
				VALIDATE_PRODUCT = YES;
			};
			name = Release;
		};
		2D67B42123F9766900BB6225 /* Debug */ = {
			isa = XCBuildConfiguration;
			buildSettings = {
				ASSETCATALOG_COMPILER_APPICON_NAME = AppIcon;
				CODE_SIGN_STYLE = Automatic;
				INFOPLIST_FILE = EventPlanner/Info.plist;
				LD_RUNPATH_SEARCH_PATHS = (
					"$(inherited)",
					"@executable_path/Frameworks",
				);
				PRODUCT_BUNDLE_IDENTIFIER = iosAlpha.EventPlanner;
				PRODUCT_NAME = "$(TARGET_NAME)";
				SWIFT_VERSION = 5.0;
				TARGETED_DEVICE_FAMILY = "1,2";
			};
			name = Debug;
		};
		2D67B42223F9766900BB6225 /* Release */ = {
			isa = XCBuildConfiguration;
			buildSettings = {
				ASSETCATALOG_COMPILER_APPICON_NAME = AppIcon;
				CODE_SIGN_STYLE = Automatic;
				INFOPLIST_FILE = EventPlanner/Info.plist;
				LD_RUNPATH_SEARCH_PATHS = (
					"$(inherited)",
					"@executable_path/Frameworks",
				);
				PRODUCT_BUNDLE_IDENTIFIER = iosAlpha.EventPlanner;
				PRODUCT_NAME = "$(TARGET_NAME)";
				SWIFT_VERSION = 5.0;
				TARGETED_DEVICE_FAMILY = "1,2";
			};
			name = Release;
		};
/* End XCBuildConfiguration section */

/* Begin XCConfigurationList section */
		2D67B40723F9766700BB6225 /* Build configuration list for PBXProject "EventPlanner" */ = {
			isa = XCConfigurationList;
			buildConfigurations = (
				2D67B41E23F9766900BB6225 /* Debug */,
				2D67B41F23F9766900BB6225 /* Release */,
			);
			defaultConfigurationIsVisible = 0;
			defaultConfigurationName = Release;
		};
		2D67B42023F9766900BB6225 /* Build configuration list for PBXNativeTarget "EventPlanner" */ = {
			isa = XCConfigurationList;
			buildConfigurations = (
				2D67B42123F9766900BB6225 /* Debug */,
				2D67B42223F9766900BB6225 /* Release */,
			);
			defaultConfigurationIsVisible = 0;
			defaultConfigurationName = Release;
		};
/* End XCConfigurationList section */

/* Begin XCVersionGroup section */
		2DA4171B241148EA0065AC44 /* Data Model.xcdatamodeld */ = {
			isa = XCVersionGroup;
			children = (
				2DA4171C241148EA0065AC44 /* Data Model.xcdatamodel */,
			);
			currentVersion = 2DA4171C241148EA0065AC44 /* Data Model.xcdatamodel */;
			path = "Data Model.xcdatamodeld";
			sourceTree = "<group>";
			versionGroupType = wrapper.xcdatamodel;
		};
/* End XCVersionGroup section */
	};
	rootObject = 2D67B40423F9766700BB6225 /* Project object */;
}
