// !$*UTF8*$!
{
	archiveVersion = 1;
	classes = {
	};
	objectVersion = 50;
	objects = {

/* Begin PBXBuildFile section */
		2D67B41023F9766700BB6225 /* AppDelegate.swift in Sources */ = {isa = PBXBuildFile; fileRef = 2D67B40F23F9766700BB6225 /* AppDelegate.swift */; };
		2D67B41223F9766700BB6225 /* SceneDelegate.swift in Sources */ = {isa = PBXBuildFile; fileRef = 2D67B41123F9766700BB6225 /* SceneDelegate.swift */; };
		2D67B41723F9766700BB6225 /* Main.storyboard in Resources */ = {isa = PBXBuildFile; fileRef = 2D67B41523F9766700BB6225 /* Main.storyboard */; };
		2D67B41923F9766900BB6225 /* Assets.xcassets in Resources */ = {isa = PBXBuildFile; fileRef = 2D67B41823F9766900BB6225 /* Assets.xcassets */; };
		2D67B41C23F9766900BB6225 /* LaunchScreen.storyboard in Resources */ = {isa = PBXBuildFile; fileRef = 2D67B41A23F9766900BB6225 /* LaunchScreen.storyboard */; };
		2D67B42523F976B900BB6225 /* EventFormViewController.swift in Sources */ = {isa = PBXBuildFile; fileRef = 2D67B42423F976B900BB6225 /* EventFormViewController.swift */; };
		2DB23EA823FAFA8B0002C54E /* EventCategoryPickerViewController.swift in Sources */ = {isa = PBXBuildFile; fileRef = 2DB23EA723FAFA8B0002C54E /* EventCategoryPickerViewController.swift */; };
		2DB23EAA23FAFBFB0002C54E /* CategoryViewCell.swift in Sources */ = {isa = PBXBuildFile; fileRef = 2DB23EA923FAFBFB0002C54E /* CategoryViewCell.swift */; };
		2DB23EAD23FBC44B0002C54E /* EventVenuePickerViewController.swift in Sources */ = {isa = PBXBuildFile; fileRef = 2DB23EAC23FBC44B0002C54E /* EventVenuePickerViewController.swift */; };
		2DB23EAF23FBC4910002C54E /* VenueViewCell.swift in Sources */ = {isa = PBXBuildFile; fileRef = 2DB23EAE23FBC4910002C54E /* VenueViewCell.swift */; };
/* End PBXBuildFile section */

/* Begin PBXFileReference section */
		2D67B40C23F9766700BB6225 /* EventPlanner.app */ = {isa = PBXFileReference; explicitFileType = wrapper.application; includeInIndex = 0; path = EventPlanner.app; sourceTree = BUILT_PRODUCTS_DIR; };
		2D67B40F23F9766700BB6225 /* AppDelegate.swift */ = {isa = PBXFileReference; lastKnownFileType = sourcecode.swift; path = AppDelegate.swift; sourceTree = "<group>"; };
		2D67B41123F9766700BB6225 /* SceneDelegate.swift */ = {isa = PBXFileReference; lastKnownFileType = sourcecode.swift; path = SceneDelegate.swift; sourceTree = "<group>"; };
		2D67B41623F9766700BB6225 /* Base */ = {isa = PBXFileReference; lastKnownFileType = file.storyboard; name = Base; path = Base.lproj/Main.storyboard; sourceTree = "<group>"; };
		2D67B41823F9766900BB6225 /* Assets.xcassets */ = {isa = PBXFileReference; lastKnownFileType = folder.assetcatalog; path = Assets.xcassets; sourceTree = "<group>"; };
		2D67B41B23F9766900BB6225 /* Base */ = {isa = PBXFileReference; lastKnownFileType = file.storyboard; name = Base; path = Base.lproj/LaunchScreen.storyboard; sourceTree = "<group>"; };
		2D67B41D23F9766900BB6225 /* Info.plist */ = {isa = PBXFileReference; lastKnownFileType = text.plist.xml; path = Info.plist; sourceTree = "<group>"; };
		2D67B42423F976B900BB6225 /* EventFormViewController.swift */ = {isa = PBXFileReference; lastKnownFileType = sourcecode.swift; path = EventFormViewController.swift; sourceTree = "<group>"; };
		2DB23EA723FAFA8B0002C54E /* EventCategoryPickerViewController.swift */ = {isa = PBXFileReference; lastKnownFileType = sourcecode.swift; path = EventCategoryPickerViewController.swift; sourceTree = "<group>"; };
		2DB23EA923FAFBFB0002C54E /* CategoryViewCell.swift */ = {isa = PBXFileReference; lastKnownFileType = sourcecode.swift; path = CategoryViewCell.swift; sourceTree = "<group>"; };
		2DB23EAC23FBC44B0002C54E /* EventVenuePickerViewController.swift */ = {isa = PBXFileReference; lastKnownFileType = sourcecode.swift; path = EventVenuePickerViewController.swift; sourceTree = "<group>"; };
		2DB23EAE23FBC4910002C54E /* VenueViewCell.swift */ = {isa = PBXFileReference; lastKnownFileType = sourcecode.swift; path = VenueViewCell.swift; sourceTree = "<group>"; };
/* End PBXFileReference section */

/* Begin PBXFrameworksBuildPhase section */
		2D67B40923F9766700BB6225 /* Frameworks */ = {
			isa = PBXFrameworksBuildPhase;
			buildActionMask = 2147483647;
			files = (
			);
			runOnlyForDeploymentPostprocessing = 0;
		};
/* End PBXFrameworksBuildPhase section */

/* Begin PBXGroup section */
		2D67B40323F9766700BB6225 = {
			isa = PBXGroup;
			children = (
				2D67B40E23F9766700BB6225 /* EventPlanner */,
				2D67B40D23F9766700BB6225 /* Products */,
			);
			sourceTree = "<group>";
		};
		2D67B40D23F9766700BB6225 /* Products */ = {
			isa = PBXGroup;
			children = (
				2D67B40C23F9766700BB6225 /* EventPlanner.app */,
			);
			name = Products;
			sourceTree = "<group>";
		};
		2D67B40E23F9766700BB6225 /* EventPlanner */ = {
			isa = PBXGroup;
			children = (
				2DB23EAB23FBB9910002C54E /* EventVenuePickerViewController */,
				2DB23EA623FAFA590002C54E /* EventCategoryPickerViewController */,
				2D67B42323F9769600BB6225 /* EventFormViewController */,
				2D67B40F23F9766700BB6225 /* AppDelegate.swift */,
				2D67B41123F9766700BB6225 /* SceneDelegate.swift */,
				2D67B41523F9766700BB6225 /* Main.storyboard */,
				2D67B41823F9766900BB6225 /* Assets.xcassets */,
				2D67B41A23F9766900BB6225 /* LaunchScreen.storyboard */,
				2D67B41D23F9766900BB6225 /* Info.plist */,
			);
			path = EventPlanner;
			sourceTree = "<group>";
		};
		2D67B42323F9769600BB6225 /* EventFormViewController */ = {
			isa = PBXGroup;
			children = (
				2D67B42423F976B900BB6225 /* EventFormViewController.swift */,
			);
			path = EventFormViewController;
			sourceTree = "<group>";
		};
		2DB23EA623FAFA590002C54E /* EventCategoryPickerViewController */ = {
			isa = PBXGroup;
			children = (
				2DB23EA723FAFA8B0002C54E /* EventCategoryPickerViewController.swift */,
				2DB23EA923FAFBFB0002C54E /* CategoryViewCell.swift */,
			);
			path = EventCategoryPickerViewController;
			sourceTree = "<group>";
		};
		2DB23EAB23FBB9910002C54E /* EventVenuePickerViewController */ = {
			isa = PBXGroup;
			children = (
				2DB23EAC23FBC44B0002C54E /* EventVenuePickerViewController.swift */,
				2DB23EAE23FBC4910002C54E /* VenueViewCell.swift */,
			);
			path = EventVenuePickerViewController;
			sourceTree = "<group>";
		};
/* End PBXGroup section */

/* Begin PBXNativeTarget section */
		2D67B40B23F9766700BB6225 /* EventPlanner */ = {
			isa = PBXNativeTarget;
			buildConfigurationList = 2D67B42023F9766900BB6225 /* Build configuration list for PBXNativeTarget "EventPlanner" */;
			buildPhases = (
				2D67B40823F9766700BB6225 /* Sources */,
				2D67B40923F9766700BB6225 /* Frameworks */,
				2D67B40A23F9766700BB6225 /* Resources */,
			);
			buildRules = (
			);
			dependencies = (
			);
			name = EventPlanner;
			productName = EventPlanner;
			productReference = 2D67B40C23F9766700BB6225 /* EventPlanner.app */;
			productType = "com.apple.product-type.application";
		};
/* End PBXNativeTarget section */

/* Begin PBXProject section */
		2D67B40423F9766700BB6225 /* Project object */ = {
			isa = PBXProject;
			attributes = {
				LastSwiftUpdateCheck = 1130;
				LastUpgradeCheck = 1130;
				ORGANIZATIONNAME = "Faiq Ali";
				TargetAttributes = {
					2D67B40B23F9766700BB6225 = {
						CreatedOnToolsVersion = 11.3.1;
					};
				};
			};
			buildConfigurationList = 2D67B40723F9766700BB6225 /* Build configuration list for PBXProject "EventPlanner" */;
			compatibilityVersion = "Xcode 9.3";
			developmentRegion = en;
			hasScannedForEncodings = 0;
			knownRegions = (
				en,
				Base,
			);
			mainGroup = 2D67B40323F9766700BB6225;
			productRefGroup = 2D67B40D23F9766700BB6225 /* Products */;
			projectDirPath = "";
			projectRoot = "";
			targets = (
				2D67B40B23F9766700BB6225 /* EventPlanner */,
			);
		};
/* End PBXProject section */

/* Begin PBXResourcesBuildPhase section */
		2D67B40A23F9766700BB6225 /* Resources */ = {
			isa = PBXResourcesBuildPhase;
			buildActionMask = 2147483647;
			files = (
				2D67B41C23F9766900BB6225 /* LaunchScreen.storyboard in Resources */,
				2D67B41923F9766900BB6225 /* Assets.xcassets in Resources */,
				2D67B41723F9766700BB6225 /* Main.storyboard in Resources */,
			);
			runOnlyForDeploymentPostprocessing = 0;
		};
/* End PBXResourcesBuildPhase section */

/* Begin PBXSourcesBuildPhase section */
		2D67B40823F9766700BB6225 /* Sources */ = {
			isa = PBXSourcesBuildPhase;
			buildActionMask = 2147483647;
			files = (
				2D67B42523F976B900BB6225 /* EventFormViewController.swift in Sources */,
				2D67B41023F9766700BB6225 /* AppDelegate.swift in Sources */,
				2DB23EAF23FBC4910002C54E /* VenueViewCell.swift in Sources */,
				2D67B41223F9766700BB6225 /* SceneDelegate.swift in Sources */,
				2DB23EA823FAFA8B0002C54E /* EventCategoryPickerViewController.swift in Sources */,
				2DB23EAA23FAFBFB0002C54E /* CategoryViewCell.swift in Sources */,
				2DB23EAD23FBC44B0002C54E /* EventVenuePickerViewController.swift in Sources */,
			);
			runOnlyForDeploymentPostprocessing = 0;
		};
/* End PBXSourcesBuildPhase section */

/* Begin PBXVariantGroup section */
		2D67B41523F9766700BB6225 /* Main.storyboard */ = {
			isa = PBXVariantGroup;
			children = (
				2D67B41623F9766700BB6225 /* Base */,
			);
			name = Main.storyboard;
			sourceTree = "<group>";
		};
		2D67B41A23F9766900BB6225 /* LaunchScreen.storyboard */ = {
			isa = PBXVariantGroup;
			children = (
				2D67B41B23F9766900BB6225 /* Base */,
			);
			name = LaunchScreen.storyboard;
			sourceTree = "<group>";
		};
/* End PBXVariantGroup section */

/* Begin XCBuildConfiguration section */
		2D67B41E23F9766900BB6225 /* Debug */ = {
			isa = XCBuildConfiguration;
			buildSettings = {
				ALWAYS_SEARCH_USER_PATHS = NO;
				CLANG_ANALYZER_NONNULL = YES;
				CLANG_ANALYZER_NUMBER_OBJECT_CONVERSION = YES_AGGRESSIVE;
				CLANG_CXX_LANGUAGE_STANDARD = "gnu++14";
				CLANG_CXX_LIBRARY = "libc++";
				CLANG_ENABLE_MODULES = YES;
				CLANG_ENABLE_OBJC_ARC = YES;
				CLANG_ENABLE_OBJC_WEAK = YES;
				CLANG_WARN_BLOCK_CAPTURE_AUTORELEASING = YES;
				CLANG_WARN_BOOL_CONVERSION = YES;
				CLANG_WARN_COMMA = YES;
				CLANG_WARN_CONSTANT_CONVERSION = YES;
				CLANG_WARN_DEPRECATED_OBJC_IMPLEMENTATIONS = YES;
				CLANG_WARN_DIRECT_OBJC_ISA_USAGE = YES_ERROR;
				CLANG_WARN_DOCUMENTATION_COMMENTS = YES;
				CLANG_WARN_EMPTY_BODY = YES;
				CLANG_WARN_ENUM_CONVERSION = YES;
				CLANG_WARN_INFINITE_RECURSION = YES;
				CLANG_WARN_INT_CONVERSION = YES;
				CLANG_WARN_NON_LITERAL_NULL_CONVERSION = YES;
				CLANG_WARN_OBJC_IMPLICIT_RETAIN_SELF = YES;
				CLANG_WARN_OBJC_LITERAL_CONVERSION = YES;
				CLANG_WARN_OBJC_ROOT_CLASS = YES_ERROR;
				CLANG_WARN_RANGE_LOOP_ANALYSIS = YES;
				CLANG_WARN_STRICT_PROTOTYPES = YES;
				CLANG_WARN_SUSPICIOUS_MOVE = YES;
				CLANG_WARN_UNGUARDED_AVAILABILITY = YES_AGGRESSIVE;
				CLANG_WARN_UNREACHABLE_CODE = YES;
				CLANG_WARN__DUPLICATE_METHOD_MATCH = YES;
				COPY_PHASE_STRIP = NO;
				DEBUG_INFORMATION_FORMAT = dwarf;
				ENABLE_STRICT_OBJC_MSGSEND = YES;
				ENABLE_TESTABILITY = YES;
				GCC_C_LANGUAGE_STANDARD = gnu11;
				GCC_DYNAMIC_NO_PIC = NO;
				GCC_NO_COMMON_BLOCKS = YES;
				GCC_OPTIMIZATION_LEVEL = 0;
				GCC_PREPROCESSOR_DEFINITIONS = (
					"DEBUG=1",
					"$(inherited)",
				);
				GCC_WARN_64_TO_32_BIT_CONVERSION = YES;
				GCC_WARN_ABOUT_RETURN_TYPE = YES_ERROR;
				GCC_WARN_UNDECLARED_SELECTOR = YES;
				GCC_WARN_UNINITIALIZED_AUTOS = YES_AGGRESSIVE;
				GCC_WARN_UNUSED_FUNCTION = YES;
				GCC_WARN_UNUSED_VARIABLE = YES;
				IPHONEOS_DEPLOYMENT_TARGET = 13.2;
				MTL_ENABLE_DEBUG_INFO = INCLUDE_SOURCE;
				MTL_FAST_MATH = YES;
				ONLY_ACTIVE_ARCH = YES;
				SDKROOT = iphoneos;
				SWIFT_ACTIVE_COMPILATION_CONDITIONS = DEBUG;
				SWIFT_OPTIMIZATION_LEVEL = "-Onone";
			};
			name = Debug;
		};
		2D67B41F23F9766900BB6225 /* Release */ = {
			isa = XCBuildConfiguration;
			buildSettings = {
				ALWAYS_SEARCH_USER_PATHS = NO;
				CLANG_ANALYZER_NONNULL = YES;
				CLANG_ANALYZER_NUMBER_OBJECT_CONVERSION = YES_AGGRESSIVE;
				CLANG_CXX_LANGUAGE_STANDARD = "gnu++14";
				CLANG_CXX_LIBRARY = "libc++";
				CLANG_ENABLE_MODULES = YES;
				CLANG_ENABLE_OBJC_ARC = YES;
				CLANG_ENABLE_OBJC_WEAK = YES;
				CLANG_WARN_BLOCK_CAPTURE_AUTORELEASING = YES;
				CLANG_WARN_BOOL_CONVERSION = YES;
				CLANG_WARN_COMMA = YES;
				CLANG_WARN_CONSTANT_CONVERSION = YES;
				CLANG_WARN_DEPRECATED_OBJC_IMPLEMENTATIONS = YES;
				CLANG_WARN_DIRECT_OBJC_ISA_USAGE = YES_ERROR;
				CLANG_WARN_DOCUMENTATION_COMMENTS = YES;
				CLANG_WARN_EMPTY_BODY = YES;
				CLANG_WARN_ENUM_CONVERSION = YES;
				CLANG_WARN_INFINITE_RECURSION = YES;
				CLANG_WARN_INT_CONVERSION = YES;
				CLANG_WARN_NON_LITERAL_NULL_CONVERSION = YES;
				CLANG_WARN_OBJC_IMPLICIT_RETAIN_SELF = YES;
				CLANG_WARN_OBJC_LITERAL_CONVERSION = YES;
				CLANG_WARN_OBJC_ROOT_CLASS = YES_ERROR;
				CLANG_WARN_RANGE_LOOP_ANALYSIS = YES;
				CLANG_WARN_STRICT_PROTOTYPES = YES;
				CLANG_WARN_SUSPICIOUS_MOVE = YES;
				CLANG_WARN_UNGUARDED_AVAILABILITY = YES_AGGRESSIVE;
				CLANG_WARN_UNREACHABLE_CODE = YES;
				CLANG_WARN__DUPLICATE_METHOD_MATCH = YES;
				COPY_PHASE_STRIP = NO;
				DEBUG_INFORMATION_FORMAT = "dwarf-with-dsym";
				ENABLE_NS_ASSERTIONS = NO;
				ENABLE_STRICT_OBJC_MSGSEND = YES;
				GCC_C_LANGUAGE_STANDARD = gnu11;
				GCC_NO_COMMON_BLOCKS = YES;
				GCC_WARN_64_TO_32_BIT_CONVERSION = YES;
				GCC_WARN_ABOUT_RETURN_TYPE = YES_ERROR;
				GCC_WARN_UNDECLARED_SELECTOR = YES;
				GCC_WARN_UNINITIALIZED_AUTOS = YES_AGGRESSIVE;
				GCC_WARN_UNUSED_FUNCTION = YES;
				GCC_WARN_UNUSED_VARIABLE = YES;
				IPHONEOS_DEPLOYMENT_TARGET = 13.2;
				MTL_ENABLE_DEBUG_INFO = NO;
				MTL_FAST_MATH = YES;
				SDKROOT = iphoneos;
				SWIFT_COMPILATION_MODE = wholemodule;
				SWIFT_OPTIMIZATION_LEVEL = "-O";
				VALIDATE_PRODUCT = YES;
			};
			name = Release;
		};
		2D67B42123F9766900BB6225 /* Debug */ = {
			isa = XCBuildConfiguration;
			buildSettings = {
				ASSETCATALOG_COMPILER_APPICON_NAME = AppIcon;
				CODE_SIGN_STYLE = Automatic;
				INFOPLIST_FILE = EventPlanner/Info.plist;
				LD_RUNPATH_SEARCH_PATHS = (
					"$(inherited)",
					"@executable_path/Frameworks",
				);
				PRODUCT_BUNDLE_IDENTIFIER = iosAlpha.EventPlanner;
				PRODUCT_NAME = "$(TARGET_NAME)";
				SWIFT_VERSION = 5.0;
				TARGETED_DEVICE_FAMILY = "1,2";
			};
			name = Debug;
		};
		2D67B42223F9766900BB6225 /* Release */ = {
			isa = XCBuildConfiguration;
			buildSettings = {
				ASSETCATALOG_COMPILER_APPICON_NAME = AppIcon;
				CODE_SIGN_STYLE = Automatic;
				INFOPLIST_FILE = EventPlanner/Info.plist;
				LD_RUNPATH_SEARCH_PATHS = (
					"$(inherited)",
					"@executable_path/Frameworks",
				);
				PRODUCT_BUNDLE_IDENTIFIER = iosAlpha.EventPlanner;
				PRODUCT_NAME = "$(TARGET_NAME)";
				SWIFT_VERSION = 5.0;
				TARGETED_DEVICE_FAMILY = "1,2";
			};
			name = Release;
		};
/* End XCBuildConfiguration section */

/* Begin XCConfigurationList section */
		2D67B40723F9766700BB6225 /* Build configuration list for PBXProject "EventPlanner" */ = {
			isa = XCConfigurationList;
			buildConfigurations = (
				2D67B41E23F9766900BB6225 /* Debug */,
				2D67B41F23F9766900BB6225 /* Release */,
			);
			defaultConfigurationIsVisible = 0;
			defaultConfigurationName = Release;
		};
		2D67B42023F9766900BB6225 /* Build configuration list for PBXNativeTarget "EventPlanner" */ = {
			isa = XCConfigurationList;
			buildConfigurations = (
				2D67B42123F9766900BB6225 /* Debug */,
				2D67B42223F9766900BB6225 /* Release */,
			);
			defaultConfigurationIsVisible = 0;
			defaultConfigurationName = Release;
		};
/* End XCConfigurationList section */
	};
	rootObject = 2D67B40423F9766700BB6225 /* Project object */;
}
